
Microsoft Visual Studio Solution File, Format Version 12.00
# Visual Studio Version 17
VisualStudioVersion = 17.2.32630.192
MinimumVisualStudioVersion = 10.0.40219.1
Project("{9A19103F-16F7-4668-BE54-9A1E7A4F7556}") = "Bsynchro.Api", "Bsynchro Api\Bsynchro.Api.csproj", "{B822FA71-11FD-44A0-9E01-268525E96A63}"
EndProject
Project("{9A19103F-16F7-4668-BE54-9A1E7A4F7556}") = "Bysnchro.Web", "Bysnchro Web\Bysnchro.Web.csproj", "{70DEB57E-B2B6-4466-B6ED-3F1DA73A33EB}"
EndProject
Project("{9A19103F-16F7-4668-BE54-9A1E7A4F7556}") = "Bsynchro.InfraStructure", "Bsynchro.InfraStructure\Bsynchro.InfraStructure.csproj", "{0797A301-FBF7-463A-890C-2DDB4C2FA044}"
EndProject
Project("{FAE04EC0-301F-11D3-BF4B-00C04F79EFBC}") = "Bsynchro.Domain", "Bsynchro.Domain\Bsynchro.Domain.csproj", "{EA1324DB-B2EE-4568-81B0-C6B5F1BAEEFD}"
EndProject
Project("{FAE04EC0-301F-11D3-BF4B-00C04F79EFBC}") = "Bsynchro.Services", "Bsynchro.Services\Bsynchro.Services.csproj", "{B21EDD7A-7C4F-4E36-9436-EC566F3470F2}"
EndProject
Global
	GlobalSection(SolutionConfigurationPlatforms) = preSolution
		Debug|Any CPU = Debug|Any CPU
		Release|Any CPU = Release|Any CPU
	EndGlobalSection
	GlobalSection(ProjectConfigurationPlatforms) = postSolution
		{B822FA71-11FD-44A0-9E01-268525E96A63}.Debug|Any CPU.ActiveCfg = Debug|Any CPU
		{B822FA71-11FD-44A0-9E01-268525E96A63}.Debug|Any CPU.Build.0 = Debug|Any CPU
		{B822FA71-11FD-44A0-9E01-268525E96A63}.Release|Any CPU.ActiveCfg = Release|Any CPU
		{B822FA71-11FD-44A0-9E01-268525E96A63}.Release|Any CPU.Build.0 = Release|Any CPU
		{70DEB57E-B2B6-4466-B6ED-3F1DA73A33EB}.Debug|Any CPU.ActiveCfg = Debug|Any CPU
		{70DEB57E-B2B6-4466-B6ED-3F1DA73A33EB}.Debug|Any CPU.Build.0 = Debug|Any CPU
		{70DEB57E-B2B6-4466-B6ED-3F1DA73A33EB}.Release|Any CPU.ActiveCfg = Release|Any CPU
		{70DEB57E-B2B6-4466-B6ED-3F1DA73A33EB}.Release|Any CPU.Build.0 = Release|Any CPU
		{0797A301-FBF7-463A-890C-2DDB4C2FA044}.Debug|Any CPU.ActiveCfg = Debug|Any CPU
		{0797A301-FBF7-463A-890C-2DDB4C2FA044}.Debug|Any CPU.Build.0 = Debug|Any CPU
		{0797A301-FBF7-463A-890C-2DDB4C2FA044}.Release|Any CPU.ActiveCfg = Release|Any CPU
		{0797A301-FBF7-463A-890C-2DDB4C2FA044}.Release|Any CPU.Build.0 = Release|Any CPU
		{EA1324DB-B2EE-4568-81B0-C6B5F1BAEEFD}.Debug|Any CPU.ActiveCfg = Debug|Any CPU
		{EA1324DB-B2EE-4568-81B0-C6B5F1BAEEFD}.Debug|Any CPU.Build.0 = Debug|Any CPU
		{EA1324DB-B2EE-4568-81B0-C6B5F1BAEEFD}.Release|Any CPU.ActiveCfg = Release|Any CPU
		{EA1324DB-B2EE-4568-81B0-C6B5F1BAEEFD}.Release|Any CPU.Build.0 = Release|Any CPU
		{B21EDD7A-7C4F-4E36-9436-EC566F3470F2}.Debug|Any CPU.ActiveCfg = Debug|Any CPU
		{B21EDD7A-7C4F-4E36-9436-EC566F3470F2}.Debug|Any CPU.Build.0 = Debug|Any CPU
		{B21EDD7A-7C4F-4E36-9436-EC566F3470F2}.Release|Any CPU.ActiveCfg = Release|Any CPU
		{B21EDD7A-7C4F-4E36-9436-EC566F3470F2}.Release|Any CPU.Build.0 = Release|Any CPU
	EndGlobalSection
	GlobalSection(SolutionProperties) = preSolution
		HideSolutionNode = FALSE
	EndGlobalSection
	GlobalSection(ExtensibilityGlobals) = postSolution
		SolutionGuid = {3EF99253-8633-4B16-BFD6-D26687E49B74}
	EndGlobalSection
EndGlobal
